
Microsoft Visual Studio Solution File, Format Version 12.00
# Visual Studio Version 17
VisualStudioVersion = 17.12.35506.116
MinimumVisualStudioVersion = 10.0.40219.1
Project("{FAE04EC0-301F-11D3-BF4B-00C04F79EFBC}") = "MVC", "MVC\MVC.csproj", "{C81ED5D4-1706-4643-9C8B-F2850AB4B4CD}"
EndProject
Project("{FAE04EC0-301F-11D3-BF4B-00C04F79EFBC}") = "BLL", "BLL\BLL.csproj", "{3474C59E-602D-4EAD-9C60-6D734424BCF9}"
EndProject
Global
	GlobalSection(SolutionConfigurationPlatforms) = preSolution
		Debug|Any CPU = Debug|Any CPU
		Release|Any CPU = Release|Any CPU
	EndGlobalSection
	GlobalSection(ProjectConfigurationPlatforms) = postSolution
		{C81ED5D4-1706-4643-9C8B-F2850AB4B4CD}.Debug|Any CPU.ActiveCfg = Debug|Any CPU
		{C81ED5D4-1706-4643-9C8B-F2850AB4B4CD}.Debug|Any CPU.Build.0 = Debug|Any CPU
		{C81ED5D4-1706-4643-9C8B-F2850AB4B4CD}.Release|Any CPU.ActiveCfg = Release|Any CPU
		{C81ED5D4-1706-4643-9C8B-F2850AB4B4CD}.Release|Any CPU.Build.0 = Release|Any CPU
		{3474C59E-602D-4EAD-9C60-6D734424BCF9}.Debug|Any CPU.ActiveCfg = Debug|Any CPU
		{3474C59E-602D-4EAD-9C60-6D734424BCF9}.Debug|Any CPU.Build.0 = Debug|Any CPU
		{3474C59E-602D-4EAD-9C60-6D734424BCF9}.Release|Any CPU.ActiveCfg = Release|Any CPU
		{3474C59E-602D-4EAD-9C60-6D734424BCF9}.Release|Any CPU.Build.0 = Release|Any CPU
	EndGlobalSection
	GlobalSection(SolutionProperties) = preSolution
		HideSolutionNode = FALSE
	EndGlobalSection
EndGlobal
